# THIS IS AN AUTOGENERATED FILE. DO NOT EDIT THIS FILE DIRECTLY.
# yarn lockfile v1


styled-reset@^4.5.2:
  version "4.5.2"
  resolved "https://registry.yarnpkg.com/styled-reset/-/styled-reset-4.5.2.tgz#2eba489fce52e34368693adb8d5fb4bf775edc3c"
  integrity sha512-dbAaaVEhweBs2FGfqGBdW6oMcMK8238C2X5KCxBhUQJX92m/QyUfzRADOXhdXiXNkIPELtMCd72YY9eCdORfIw==
